
Microsoft Visual Studio Solution File, Format Version 11.00
# Visual Studio 2010
Project("{8BC9CEB8-8B4A-11D0-8D11-00A0C91BC942}") = "calend", "calend\calend.vcxproj", "{097756DB-D0F0-4051-B540-0F8BC2E50B1D}"
EndProject
Global
	GlobalSection(SolutionConfigurationPlatforms) = preSolution
		Debug|Win32 = Debug|Win32
		Release|Win32 = Release|Win32
	EndGlobalSection
	GlobalSection(ProjectConfigurationPlatforms) = postSolution
		{097756DB-D0F0-4051-B540-0F8BC2E50B1D}.Debug|Win32.ActiveCfg = Debug|Win32
		{097756DB-D0F0-4051-B540-0F8BC2E50B1D}.Debug|Win32.Build.0 = Debug|Win32
		{097756DB-D0F0-4051-B540-0F8BC2E50B1D}.Release|Win32.ActiveCfg = Release|Win32
		{097756DB-D0F0-4051-B540-0F8BC2E50B1D}.Release|Win32.Build.0 = Release|Win32
	EndGlobalSection
	GlobalSection(SolutionProperties) = preSolution
		HideSolutionNode = FALSE
	EndGlobalSection
EndGlobal
